
Microsoft Visual Studio Solution File, Format Version 12.00
# Visual Studio Version 17
VisualStudioVersion = 17.8.34330.188
MinimumVisualStudioVersion = 10.0.40219.1
Project("{9A19103F-16F7-4668-BE54-9A1E7A4F7556}") = "CatchTheStars", "CatchTheStars\CatchTheStars.csproj", "{9205BFDD-CB26-4CA3-934B-D3FEAFD6A393}"
EndProject
Project("{FAE04EC0-301F-11D3-BF4B-00C04F79EFBC}") = "CatchTheStarsTests", "CatchTheStarsTests\CatchTheStarsTests.csproj", "{60C81079-0E93-4B8D-B331-96B4A4A0BCE1}"
EndProject
Global
	GlobalSection(SolutionConfigurationPlatforms) = preSolution
		Debug|Any CPU = Debug|Any CPU
		Release|Any CPU = Release|Any CPU
	EndGlobalSection
	GlobalSection(ProjectConfigurationPlatforms) = postSolution
		{9205BFDD-CB26-4CA3-934B-D3FEAFD6A393}.Debug|Any CPU.ActiveCfg = Debug|Any CPU
		{9205BFDD-CB26-4CA3-934B-D3FEAFD6A393}.Debug|Any CPU.Build.0 = Debug|Any CPU
		{9205BFDD-CB26-4CA3-934B-D3FEAFD6A393}.Release|Any CPU.ActiveCfg = Release|Any CPU
		{9205BFDD-CB26-4CA3-934B-D3FEAFD6A393}.Release|Any CPU.Build.0 = Release|Any CPU
		{60C81079-0E93-4B8D-B331-96B4A4A0BCE1}.Debug|Any CPU.ActiveCfg = Debug|Any CPU
		{60C81079-0E93-4B8D-B331-96B4A4A0BCE1}.Debug|Any CPU.Build.0 = Debug|Any CPU
		{60C81079-0E93-4B8D-B331-96B4A4A0BCE1}.Release|Any CPU.ActiveCfg = Release|Any CPU
		{60C81079-0E93-4B8D-B331-96B4A4A0BCE1}.Release|Any CPU.Build.0 = Release|Any CPU
	EndGlobalSection
	GlobalSection(SolutionProperties) = preSolution
		HideSolutionNode = FALSE
	EndGlobalSection
	GlobalSection(ExtensibilityGlobals) = postSolution
		SolutionGuid = {C233F532-76A8-417E-B26B-AB5823D4121F}
	EndGlobalSection
EndGlobal
